# This file was autogenerated by Stack.
# You should not edit this file by hand.
# For more information, please see the documentation at:
#   https://docs.haskellstack.org/en/stable/lock_files

packages:
- completed:
    size: 72147
    subdir: GPipe-Core
    url: https://github.com/MaciekFlis/GPipe-Core/archive/5fe4581cbd237d5bcda1a6b2a89050fc0b1bfdb1.tar.gz
    name: GPipe
    version: 2.2.5
    sha256: ce01090007140a06f22cdbf88da11167a3b4f5900cef5ba7b1d5d81c6c0dbad6
    pantry-tree:
      size: 2452
      sha256: 772219a0b87fafa0c30067dbb48815ae247cc90d54539932a59830aa6141267f
  original:
    subdir: GPipe-Core
    url: https://github.com/MaciekFlis/GPipe-Core/archive/5fe4581cbd237d5bcda1a6b2a89050fc0b1bfdb1.tar.gz
snapshots:
- completed:
    size: 563103
    url: https://raw.githubusercontent.com/commercialhaskell/stackage-snapshots/master/lts/17/4.yaml
    sha256: f11e2153044f5f71ea7b1c9398f4721f517c9bd37642ed769647b896564021f3
  original: lts-17.4
